// !$*UTF8*$!
{
	archiveVersion = 1;
	classes = {
	};
	objectVersion = 56;
	objects = {

/* Begin PBXBuildFile section */
		253B91312B9F7E0E0094273A /* GithubSwiftUIApp.swift in Sources */ = {isa = PBXBuildFile; fileRef = 253B91302B9F7E0E0094273A /* GithubSwiftUIApp.swift */; };
		253B91332B9F7E0E0094273A /* ContentView.swift in Sources */ = {isa = PBXBuildFile; fileRef = 253B91322B9F7E0E0094273A /* ContentView.swift */; };
		253B91352B9F7E0F0094273A /* Assets.xcassets in Resources */ = {isa = PBXBuildFile; fileRef = 253B91342B9F7E0F0094273A /* Assets.xcassets */; };
		253B91382B9F7E0F0094273A /* Preview Assets.xcassets in Resources */ = {isa = PBXBuildFile; fileRef = 253B91372B9F7E0F0094273A /* Preview Assets.xcassets */; };
		253B91422B9F7E0F0094273A /* GithubSwiftUITests.swift in Sources */ = {isa = PBXBuildFile; fileRef = 253B91412B9F7E0F0094273A /* GithubSwiftUITests.swift */; };
		253B914C2B9F7E0F0094273A /* GithubSwiftUIUITests.swift in Sources */ = {isa = PBXBuildFile; fileRef = 253B914B2B9F7E0F0094273A /* GithubSwiftUIUITests.swift */; };
		253B914E2B9F7E0F0094273A /* GithubSwiftUIUITestsLaunchTests.swift in Sources */ = {isa = PBXBuildFile; fileRef = 253B914D2B9F7E0F0094273A /* GithubSwiftUIUITestsLaunchTests.swift */; };
		25575FA22B9F9748000D74F2 /* GithubUserDTO.swift in Sources */ = {isa = PBXBuildFile; fileRef = 25575FA12B9F9748000D74F2 /* GithubUserDTO.swift */; };
		25575FA42B9F9758000D74F2 /* GithubRepositoryDTO.swift in Sources */ = {isa = PBXBuildFile; fileRef = 25575FA32B9F9758000D74F2 /* GithubRepositoryDTO.swift */; };
		25575FA62B9F9772000D74F2 /* GithubBranchDTO.swift in Sources */ = {isa = PBXBuildFile; fileRef = 25575FA52B9F9772000D74F2 /* GithubBranchDTO.swift */; };
		25575FA82B9F9788000D74F2 /* GithubCommitDTO.swift in Sources */ = {isa = PBXBuildFile; fileRef = 25575FA72B9F9788000D74F2 /* GithubCommitDTO.swift */; };
		25575FAD2B9F998C000D74F2 /* GithubUserService.swift in Sources */ = {isa = PBXBuildFile; fileRef = 25575FAC2B9F998C000D74F2 /* GithubUserService.swift */; };
		25575FAF2B9F999C000D74F2 /* GithubRepositoriesService.swift in Sources */ = {isa = PBXBuildFile; fileRef = 25575FAE2B9F999C000D74F2 /* GithubRepositoriesService.swift */; };
		25575FB12B9F99AA000D74F2 /* GithubCommitService.swift in Sources */ = {isa = PBXBuildFile; fileRef = 25575FB02B9F99AA000D74F2 /* GithubCommitService.swift */; };
		25575FB42B9F99CD000D74F2 /* GithubUser.swift in Sources */ = {isa = PBXBuildFile; fileRef = 25575FB32B9F99CD000D74F2 /* GithubUser.swift */; };
		25575FB62B9F99FB000D74F2 /* GithubRepository.swift in Sources */ = {isa = PBXBuildFile; fileRef = 25575FB52B9F99FB000D74F2 /* GithubRepository.swift */; };
		25575FB82B9F9A0F000D74F2 /* GithubBranch.swift in Sources */ = {isa = PBXBuildFile; fileRef = 25575FB72B9F9A0F000D74F2 /* GithubBranch.swift */; };
		25575FBA2B9F9A1F000D74F2 /* GithubCommit.swift in Sources */ = {isa = PBXBuildFile; fileRef = 25575FB92B9F9A1F000D74F2 /* GithubCommit.swift */; };
		25575FBF2B9F9B05000D74F2 /* HTTPClient.swift in Sources */ = {isa = PBXBuildFile; fileRef = 25575FBE2B9F9B05000D74F2 /* HTTPClient.swift */; };
		25575FC12B9F9B5A000D74F2 /* HTTPMethod.swift in Sources */ = {isa = PBXBuildFile; fileRef = 25575FC02B9F9B5A000D74F2 /* HTTPMethod.swift */; };
		25575FC32B9F9B68000D74F2 /* APIError.swift in Sources */ = {isa = PBXBuildFile; fileRef = 25575FC22B9F9B68000D74F2 /* APIError.swift */; };
		25575FC52B9F9BD5000D74F2 /* GithubRequestProvider.swift in Sources */ = {isa = PBXBuildFile; fileRef = 25575FC42B9F9BD5000D74F2 /* GithubRequestProvider.swift */; };
		25575FC72B9F9C0F000D74F2 /* GithubAPIPathProvider.swift in Sources */ = {isa = PBXBuildFile; fileRef = 25575FC62B9F9C0F000D74F2 /* GithubAPIPathProvider.swift */; };
		25575FCB2B9F9CC4000D74F2 /* GithubUserAPIService.swift in Sources */ = {isa = PBXBuildFile; fileRef = 25575FCA2B9F9CC4000D74F2 /* GithubUserAPIService.swift */; };
		25575FCE2B9F9CFD000D74F2 /* GithubResponseMapper.swift in Sources */ = {isa = PBXBuildFile; fileRef = 25575FCD2B9F9CFD000D74F2 /* GithubResponseMapper.swift */; };
		25575FD02B9F9D1A000D74F2 /* ErrorFactory.swift in Sources */ = {isa = PBXBuildFile; fileRef = 25575FCF2B9F9D1A000D74F2 /* ErrorFactory.swift */; };
		25575FD22B9F9D39000D74F2 /* GithubRepositoriesAPIService.swift in Sources */ = {isa = PBXBuildFile; fileRef = 25575FD12B9F9D39000D74F2 /* GithubRepositoriesAPIService.swift */; };
		25575FD42B9F9D4C000D74F2 /* GithubCommitAPIService.swift in Sources */ = {isa = PBXBuildFile; fileRef = 25575FD32B9F9D4C000D74F2 /* GithubCommitAPIService.swift */; };
		25575FD82B9F9E63000D74F2 /* Coordinator.swift in Sources */ = {isa = PBXBuildFile; fileRef = 25575FD72B9F9E63000D74F2 /* Coordinator.swift */; };
		25575FDB2B9F9EC0000D74F2 /* DependencyProvider.swift in Sources */ = {isa = PBXBuildFile; fileRef = 25575FDA2B9F9EC0000D74F2 /* DependencyProvider.swift */; };
		25575FDD2B9F9F21000D74F2 /* CoordinatorView.swift in Sources */ = {isa = PBXBuildFile; fileRef = 25575FDC2B9F9F21000D74F2 /* CoordinatorView.swift */; };
		25575FE02B9F9FE4000D74F2 /* UserViewModel.swift in Sources */ = {isa = PBXBuildFile; fileRef = 25575FDF2B9F9FE4000D74F2 /* UserViewModel.swift */; };
		25575FE22B9F9FFE000D74F2 /* GithubUsernameValidator.swift in Sources */ = {isa = PBXBuildFile; fileRef = 25575FE12B9F9FFE000D74F2 /* GithubUsernameValidator.swift */; };
		25575FE42B9FA017000D74F2 /* UserScreen.swift in Sources */ = {isa = PBXBuildFile; fileRef = 25575FE32B9FA017000D74F2 /* UserScreen.swift */; };
		25575FE62B9FA032000D74F2 /* UsernameInputView.swift in Sources */ = {isa = PBXBuildFile; fileRef = 25575FE52B9FA032000D74F2 /* UsernameInputView.swift */; };
		25575FE82B9FA043000D74F2 /* UserDataView.swift in Sources */ = {isa = PBXBuildFile; fileRef = 25575FE72B9FA043000D74F2 /* UserDataView.swift */; };
/* End PBXBuildFile section */

/* Begin PBXContainerItemProxy section */
		253B913E2B9F7E0F0094273A /* PBXContainerItemProxy */ = {
			isa = PBXContainerItemProxy;
			containerPortal = 253B91252B9F7E0E0094273A /* Project object */;
			proxyType = 1;
			remoteGlobalIDString = 253B912C2B9F7E0E0094273A;
			remoteInfo = GithubSwiftUI;
		};
		253B91482B9F7E0F0094273A /* PBXContainerItemProxy */ = {
			isa = PBXContainerItemProxy;
			containerPortal = 253B91252B9F7E0E0094273A /* Project object */;
			proxyType = 1;
			remoteGlobalIDString = 253B912C2B9F7E0E0094273A;
			remoteInfo = GithubSwiftUI;
		};
/* End PBXContainerItemProxy section */

/* Begin PBXFileReference section */
		253B912D2B9F7E0E0094273A /* GithubSwiftUI.app */ = {isa = PBXFileReference; explicitFileType = wrapper.application; includeInIndex = 0; path = GithubSwiftUI.app; sourceTree = BUILT_PRODUCTS_DIR; };
		253B91302B9F7E0E0094273A /* GithubSwiftUIApp.swift */ = {isa = PBXFileReference; lastKnownFileType = sourcecode.swift; path = GithubSwiftUIApp.swift; sourceTree = "<group>"; };
		253B91322B9F7E0E0094273A /* ContentView.swift */ = {isa = PBXFileReference; lastKnownFileType = sourcecode.swift; path = ContentView.swift; sourceTree = "<group>"; };
		253B91342B9F7E0F0094273A /* Assets.xcassets */ = {isa = PBXFileReference; lastKnownFileType = folder.assetcatalog; path = Assets.xcassets; sourceTree = "<group>"; };
		253B91372B9F7E0F0094273A /* Preview Assets.xcassets */ = {isa = PBXFileReference; lastKnownFileType = folder.assetcatalog; path = "Preview Assets.xcassets"; sourceTree = "<group>"; };
		253B913D2B9F7E0F0094273A /* GithubSwiftUITests.xctest */ = {isa = PBXFileReference; explicitFileType = wrapper.cfbundle; includeInIndex = 0; path = GithubSwiftUITests.xctest; sourceTree = BUILT_PRODUCTS_DIR; };
		253B91412B9F7E0F0094273A /* GithubSwiftUITests.swift */ = {isa = PBXFileReference; lastKnownFileType = sourcecode.swift; path = GithubSwiftUITests.swift; sourceTree = "<group>"; };
		253B91472B9F7E0F0094273A /* GithubSwiftUIUITests.xctest */ = {isa = PBXFileReference; explicitFileType = wrapper.cfbundle; includeInIndex = 0; path = GithubSwiftUIUITests.xctest; sourceTree = BUILT_PRODUCTS_DIR; };
		253B914B2B9F7E0F0094273A /* GithubSwiftUIUITests.swift */ = {isa = PBXFileReference; lastKnownFileType = sourcecode.swift; path = GithubSwiftUIUITests.swift; sourceTree = "<group>"; };
		253B914D2B9F7E0F0094273A /* GithubSwiftUIUITestsLaunchTests.swift */ = {isa = PBXFileReference; lastKnownFileType = sourcecode.swift; path = GithubSwiftUIUITestsLaunchTests.swift; sourceTree = "<group>"; };
		25575FA12B9F9748000D74F2 /* GithubUserDTO.swift */ = {isa = PBXFileReference; lastKnownFileType = sourcecode.swift; path = GithubUserDTO.swift; sourceTree = "<group>"; };
		25575FA32B9F9758000D74F2 /* GithubRepositoryDTO.swift */ = {isa = PBXFileReference; lastKnownFileType = sourcecode.swift; path = GithubRepositoryDTO.swift; sourceTree = "<group>"; };
		25575FA52B9F9772000D74F2 /* GithubBranchDTO.swift */ = {isa = PBXFileReference; lastKnownFileType = sourcecode.swift; path = GithubBranchDTO.swift; sourceTree = "<group>"; };
		25575FA72B9F9788000D74F2 /* GithubCommitDTO.swift */ = {isa = PBXFileReference; lastKnownFileType = sourcecode.swift; path = GithubCommitDTO.swift; sourceTree = "<group>"; };
		25575FAC2B9F998C000D74F2 /* GithubUserService.swift */ = {isa = PBXFileReference; lastKnownFileType = sourcecode.swift; path = GithubUserService.swift; sourceTree = "<group>"; };
		25575FAE2B9F999C000D74F2 /* GithubRepositoriesService.swift */ = {isa = PBXFileReference; lastKnownFileType = sourcecode.swift; path = GithubRepositoriesService.swift; sourceTree = "<group>"; };
		25575FB02B9F99AA000D74F2 /* GithubCommitService.swift */ = {isa = PBXFileReference; lastKnownFileType = sourcecode.swift; path = GithubCommitService.swift; sourceTree = "<group>"; };
		25575FB32B9F99CD000D74F2 /* GithubUser.swift */ = {isa = PBXFileReference; lastKnownFileType = sourcecode.swift; path = GithubUser.swift; sourceTree = "<group>"; };
		25575FB52B9F99FB000D74F2 /* GithubRepository.swift */ = {isa = PBXFileReference; lastKnownFileType = sourcecode.swift; path = GithubRepository.swift; sourceTree = "<group>"; };
		25575FB72B9F9A0F000D74F2 /* GithubBranch.swift */ = {isa = PBXFileReference; lastKnownFileType = sourcecode.swift; path = GithubBranch.swift; sourceTree = "<group>"; };
		25575FB92B9F9A1F000D74F2 /* GithubCommit.swift */ = {isa = PBXFileReference; lastKnownFileType = sourcecode.swift; path = GithubCommit.swift; sourceTree = "<group>"; };
		25575FBE2B9F9B05000D74F2 /* HTTPClient.swift */ = {isa = PBXFileReference; lastKnownFileType = sourcecode.swift; path = HTTPClient.swift; sourceTree = "<group>"; };
		25575FC02B9F9B5A000D74F2 /* HTTPMethod.swift */ = {isa = PBXFileReference; lastKnownFileType = sourcecode.swift; path = HTTPMethod.swift; sourceTree = "<group>"; };
		25575FC22B9F9B68000D74F2 /* APIError.swift */ = {isa = PBXFileReference; lastKnownFileType = sourcecode.swift; path = APIError.swift; sourceTree = "<group>"; };
		25575FC42B9F9BD5000D74F2 /* GithubRequestProvider.swift */ = {isa = PBXFileReference; lastKnownFileType = sourcecode.swift; path = GithubRequestProvider.swift; sourceTree = "<group>"; };
		25575FC62B9F9C0F000D74F2 /* GithubAPIPathProvider.swift */ = {isa = PBXFileReference; lastKnownFileType = sourcecode.swift; path = GithubAPIPathProvider.swift; sourceTree = "<group>"; };
		25575FCA2B9F9CC4000D74F2 /* GithubUserAPIService.swift */ = {isa = PBXFileReference; lastKnownFileType = sourcecode.swift; path = GithubUserAPIService.swift; sourceTree = "<group>"; };
		25575FCD2B9F9CFD000D74F2 /* GithubResponseMapper.swift */ = {isa = PBXFileReference; lastKnownFileType = sourcecode.swift; path = GithubResponseMapper.swift; sourceTree = "<group>"; };
		25575FCF2B9F9D1A000D74F2 /* ErrorFactory.swift */ = {isa = PBXFileReference; lastKnownFileType = sourcecode.swift; path = ErrorFactory.swift; sourceTree = "<group>"; };
		25575FD12B9F9D39000D74F2 /* GithubRepositoriesAPIService.swift */ = {isa = PBXFileReference; lastKnownFileType = sourcecode.swift; path = GithubRepositoriesAPIService.swift; sourceTree = "<group>"; };
		25575FD32B9F9D4C000D74F2 /* GithubCommitAPIService.swift */ = {isa = PBXFileReference; lastKnownFileType = sourcecode.swift; path = GithubCommitAPIService.swift; sourceTree = "<group>"; };
		25575FD72B9F9E63000D74F2 /* Coordinator.swift */ = {isa = PBXFileReference; lastKnownFileType = sourcecode.swift; path = Coordinator.swift; sourceTree = "<group>"; };
		25575FDA2B9F9EC0000D74F2 /* DependencyProvider.swift */ = {isa = PBXFileReference; lastKnownFileType = sourcecode.swift; path = DependencyProvider.swift; sourceTree = "<group>"; };
		25575FDC2B9F9F21000D74F2 /* CoordinatorView.swift */ = {isa = PBXFileReference; lastKnownFileType = sourcecode.swift; path = CoordinatorView.swift; sourceTree = "<group>"; };
		25575FDF2B9F9FE4000D74F2 /* UserViewModel.swift */ = {isa = PBXFileReference; lastKnownFileType = sourcecode.swift; path = UserViewModel.swift; sourceTree = "<group>"; };
		25575FE12B9F9FFE000D74F2 /* GithubUsernameValidator.swift */ = {isa = PBXFileReference; lastKnownFileType = sourcecode.swift; path = GithubUsernameValidator.swift; sourceTree = "<group>"; };
		25575FE32B9FA017000D74F2 /* UserScreen.swift */ = {isa = PBXFileReference; lastKnownFileType = sourcecode.swift; path = UserScreen.swift; sourceTree = "<group>"; };
		25575FE52B9FA032000D74F2 /* UsernameInputView.swift */ = {isa = PBXFileReference; lastKnownFileType = sourcecode.swift; path = UsernameInputView.swift; sourceTree = "<group>"; };
		25575FE72B9FA043000D74F2 /* UserDataView.swift */ = {isa = PBXFileReference; lastKnownFileType = sourcecode.swift; path = UserDataView.swift; sourceTree = "<group>"; };
/* End PBXFileReference section */

/* Begin PBXFrameworksBuildPhase section */
		253B912A2B9F7E0E0094273A /* Frameworks */ = {
			isa = PBXFrameworksBuildPhase;
			buildActionMask = 2147483647;
			files = (
			);
			runOnlyForDeploymentPostprocessing = 0;
		};
		253B913A2B9F7E0F0094273A /* Frameworks */ = {
			isa = PBXFrameworksBuildPhase;
			buildActionMask = 2147483647;
			files = (
			);
			runOnlyForDeploymentPostprocessing = 0;
		};
		253B91442B9F7E0F0094273A /* Frameworks */ = {
			isa = PBXFrameworksBuildPhase;
			buildActionMask = 2147483647;
			files = (
			);
			runOnlyForDeploymentPostprocessing = 0;
		};
/* End PBXFrameworksBuildPhase section */

/* Begin PBXGroup section */
		253B91242B9F7E0E0094273A = {
			isa = PBXGroup;
			children = (
				253B912F2B9F7E0E0094273A /* GithubSwiftUI */,
				253B91402B9F7E0F0094273A /* GithubSwiftUITests */,
				253B914A2B9F7E0F0094273A /* GithubSwiftUIUITests */,
				253B912E2B9F7E0E0094273A /* Products */,
			);
			sourceTree = "<group>";
		};
		253B912E2B9F7E0E0094273A /* Products */ = {
			isa = PBXGroup;
			children = (
				253B912D2B9F7E0E0094273A /* GithubSwiftUI.app */,
				253B913D2B9F7E0F0094273A /* GithubSwiftUITests.xctest */,
				253B91472B9F7E0F0094273A /* GithubSwiftUIUITests.xctest */,
			);
			name = Products;
			sourceTree = "<group>";
		};
		253B912F2B9F7E0E0094273A /* GithubSwiftUI */ = {
			isa = PBXGroup;
			children = (
				25A239232B9F965900A67987 /* Domain Models */,
				25575FA92B9F9910000D74F2 /* Business Logic */,
				25575FBD2B9F9AE4000D74F2 /* API */,
				25575FD92B9F9EB6000D74F2 /* Dependencies */,
				25575FD52B9F9E44000D74F2 /* UI */,
				25575FCC2B9F9CE0000D74F2 /* Helpers */,
				253B91302B9F7E0E0094273A /* GithubSwiftUIApp.swift */,
				253B91322B9F7E0E0094273A /* ContentView.swift */,
				253B91342B9F7E0F0094273A /* Assets.xcassets */,
				253B91362B9F7E0F0094273A /* Preview Content */,
			);
			path = GithubSwiftUI;
			sourceTree = "<group>";
		};
		253B91362B9F7E0F0094273A /* Preview Content */ = {
			isa = PBXGroup;
			children = (
				253B91372B9F7E0F0094273A /* Preview Assets.xcassets */,
			);
			path = "Preview Content";
			sourceTree = "<group>";
		};
		253B91402B9F7E0F0094273A /* GithubSwiftUITests */ = {
			isa = PBXGroup;
			children = (
				253B91412B9F7E0F0094273A /* GithubSwiftUITests.swift */,
			);
			path = GithubSwiftUITests;
			sourceTree = "<group>";
		};
		253B914A2B9F7E0F0094273A /* GithubSwiftUIUITests */ = {
			isa = PBXGroup;
			children = (
				253B914B2B9F7E0F0094273A /* GithubSwiftUIUITests.swift */,
				253B914D2B9F7E0F0094273A /* GithubSwiftUIUITestsLaunchTests.swift */,
			);
			path = GithubSwiftUIUITests;
			sourceTree = "<group>";
		};
		25575FA92B9F9910000D74F2 /* Business Logic */ = {
			isa = PBXGroup;
			children = (
				25575FB22B9F99B9000D74F2 /* Entities */,
				25575FBB2B9F9A46000D74F2 /* Services */,
			);
			path = "Business Logic";
			sourceTree = "<group>";
		};
		25575FB22B9F99B9000D74F2 /* Entities */ = {
			isa = PBXGroup;
			children = (
				25575FB32B9F99CD000D74F2 /* GithubUser.swift */,
				25575FB52B9F99FB000D74F2 /* GithubRepository.swift */,
				25575FB72B9F9A0F000D74F2 /* GithubBranch.swift */,
				25575FB92B9F9A1F000D74F2 /* GithubCommit.swift */,
			);
			path = Entities;
			sourceTree = "<group>";
		};
		25575FBB2B9F9A46000D74F2 /* Services */ = {
			isa = PBXGroup;
			children = (
				25575FAC2B9F998C000D74F2 /* GithubUserService.swift */,
				25575FAE2B9F999C000D74F2 /* GithubRepositoriesService.swift */,
				25575FB02B9F99AA000D74F2 /* GithubCommitService.swift */,
			);
			path = Services;
			sourceTree = "<group>";
		};
		25575FBD2B9F9AE4000D74F2 /* API */ = {
			isa = PBXGroup;
			children = (
				25575FC92B9F9CAF000D74F2 /* API Services */,
				25575FC82B9F9C83000D74F2 /* Infrastructure */,
			);
			path = API;
			sourceTree = "<group>";
		};
		25575FC82B9F9C83000D74F2 /* Infrastructure */ = {
			isa = PBXGroup;
			children = (
				25575FBE2B9F9B05000D74F2 /* HTTPClient.swift */,
				25575FC02B9F9B5A000D74F2 /* HTTPMethod.swift */,
				25575FC22B9F9B68000D74F2 /* APIError.swift */,
				25575FC42B9F9BD5000D74F2 /* GithubRequestProvider.swift */,
				25575FC62B9F9C0F000D74F2 /* GithubAPIPathProvider.swift */,
			);
			path = Infrastructure;
			sourceTree = "<group>";
		};
		25575FC92B9F9CAF000D74F2 /* API Services */ = {
			isa = PBXGroup;
			children = (
				25575FCA2B9F9CC4000D74F2 /* GithubUserAPIService.swift */,
				25575FD12B9F9D39000D74F2 /* GithubRepositoriesAPIService.swift */,
				25575FD32B9F9D4C000D74F2 /* GithubCommitAPIService.swift */,
			);
			path = "API Services";
			sourceTree = "<group>";
		};
		25575FCC2B9F9CE0000D74F2 /* Helpers */ = {
			isa = PBXGroup;
			children = (
				25575FCD2B9F9CFD000D74F2 /* GithubResponseMapper.swift */,
				25575FCF2B9F9D1A000D74F2 /* ErrorFactory.swift */,
				25575FE12B9F9FFE000D74F2 /* GithubUsernameValidator.swift */,
			);
			path = Helpers;
			sourceTree = "<group>";
		};
		25575FD52B9F9E44000D74F2 /* UI */ = {
			isa = PBXGroup;
			children = (
				25575FD62B9F9E5E000D74F2 /* Coordinator */,
				25575FDE2B9F9FB8000D74F2 /* User Screen */,
			);
			path = UI;
			sourceTree = "<group>";
		};
		25575FD62B9F9E5E000D74F2 /* Coordinator */ = {
			isa = PBXGroup;
			children = (
				25575FD72B9F9E63000D74F2 /* Coordinator.swift */,
				25575FDC2B9F9F21000D74F2 /* CoordinatorView.swift */,
			);
			path = Coordinator;
			sourceTree = "<group>";
		};
		25575FD92B9F9EB6000D74F2 /* Dependencies */ = {
			isa = PBXGroup;
			children = (
				25575FDA2B9F9EC0000D74F2 /* DependencyProvider.swift */,
			);
			path = Dependencies;
			sourceTree = "<group>";
		};
		25575FDE2B9F9FB8000D74F2 /* User Screen */ = {
			isa = PBXGroup;
			children = (
				25575FDF2B9F9FE4000D74F2 /* UserViewModel.swift */,
				25575FE32B9FA017000D74F2 /* UserScreen.swift */,
				25575FE52B9FA032000D74F2 /* UsernameInputView.swift */,
				25575FE72B9FA043000D74F2 /* UserDataView.swift */,
			);
			path = "User Screen";
			sourceTree = "<group>";
		};
		25A239232B9F965900A67987 /* Domain Models */ = {
			isa = PBXGroup;
			children = (
				25575FA12B9F9748000D74F2 /* GithubUserDTO.swift */,
				25575FA32B9F9758000D74F2 /* GithubRepositoryDTO.swift */,
				25575FA52B9F9772000D74F2 /* GithubBranchDTO.swift */,
				25575FA72B9F9788000D74F2 /* GithubCommitDTO.swift */,
			);
			path = "Domain Models";
			sourceTree = "<group>";
		};
/* End PBXGroup section */

/* Begin PBXNativeTarget section */
		253B912C2B9F7E0E0094273A /* GithubSwiftUI */ = {
			isa = PBXNativeTarget;
			buildConfigurationList = 253B91512B9F7E0F0094273A /* Build configuration list for PBXNativeTarget "GithubSwiftUI" */;
			buildPhases = (
				253B91292B9F7E0E0094273A /* Sources */,
				253B912A2B9F7E0E0094273A /* Frameworks */,
				253B912B2B9F7E0E0094273A /* Resources */,
			);
			buildRules = (
			);
			dependencies = (
			);
			name = GithubSwiftUI;
			productName = GithubSwiftUI;
			productReference = 253B912D2B9F7E0E0094273A /* GithubSwiftUI.app */;
			productType = "com.apple.product-type.application";
		};
		253B913C2B9F7E0F0094273A /* GithubSwiftUITests */ = {
			isa = PBXNativeTarget;
			buildConfigurationList = 253B91542B9F7E0F0094273A /* Build configuration list for PBXNativeTarget "GithubSwiftUITests" */;
			buildPhases = (
				253B91392B9F7E0F0094273A /* Sources */,
				253B913A2B9F7E0F0094273A /* Frameworks */,
				253B913B2B9F7E0F0094273A /* Resources */,
			);
			buildRules = (
			);
			dependencies = (
				253B913F2B9F7E0F0094273A /* PBXTargetDependency */,
			);
			name = GithubSwiftUITests;
			productName = GithubSwiftUITests;
			productReference = 253B913D2B9F7E0F0094273A /* GithubSwiftUITests.xctest */;
			productType = "com.apple.product-type.bundle.unit-test";
		};
		253B91462B9F7E0F0094273A /* GithubSwiftUIUITests */ = {
			isa = PBXNativeTarget;
			buildConfigurationList = 253B91572B9F7E0F0094273A /* Build configuration list for PBXNativeTarget "GithubSwiftUIUITests" */;
			buildPhases = (
				253B91432B9F7E0F0094273A /* Sources */,
				253B91442B9F7E0F0094273A /* Frameworks */,
				253B91452B9F7E0F0094273A /* Resources */,
			);
			buildRules = (
			);
			dependencies = (
				253B91492B9F7E0F0094273A /* PBXTargetDependency */,
			);
			name = GithubSwiftUIUITests;
			productName = GithubSwiftUIUITests;
			productReference = 253B91472B9F7E0F0094273A /* GithubSwiftUIUITests.xctest */;
			productType = "com.apple.product-type.bundle.ui-testing";
		};
/* End PBXNativeTarget section */

/* Begin PBXProject section */
		253B91252B9F7E0E0094273A /* Project object */ = {
			isa = PBXProject;
			attributes = {
				BuildIndependentTargetsInParallel = 1;
				LastSwiftUpdateCheck = 1500;
				LastUpgradeCheck = 1500;
				TargetAttributes = {
					253B912C2B9F7E0E0094273A = {
						CreatedOnToolsVersion = 15.0;
					};
					253B913C2B9F7E0F0094273A = {
						CreatedOnToolsVersion = 15.0;
						TestTargetID = 253B912C2B9F7E0E0094273A;
					};
					253B91462B9F7E0F0094273A = {
						CreatedOnToolsVersion = 15.0;
						TestTargetID = 253B912C2B9F7E0E0094273A;
					};
				};
			};
			buildConfigurationList = 253B91282B9F7E0E0094273A /* Build configuration list for PBXProject "GithubSwiftUI" */;
			compatibilityVersion = "Xcode 14.0";
			developmentRegion = en;
			hasScannedForEncodings = 0;
			knownRegions = (
				en,
				Base,
			);
			mainGroup = 253B91242B9F7E0E0094273A;
			productRefGroup = 253B912E2B9F7E0E0094273A /* Products */;
			projectDirPath = "";
			projectRoot = "";
			targets = (
				253B912C2B9F7E0E0094273A /* GithubSwiftUI */,
				253B913C2B9F7E0F0094273A /* GithubSwiftUITests */,
				253B91462B9F7E0F0094273A /* GithubSwiftUIUITests */,
			);
		};
/* End PBXProject section */

/* Begin PBXResourcesBuildPhase section */
		253B912B2B9F7E0E0094273A /* Resources */ = {
			isa = PBXResourcesBuildPhase;
			buildActionMask = 2147483647;
			files = (
				253B91382B9F7E0F0094273A /* Preview Assets.xcassets in Resources */,
				253B91352B9F7E0F0094273A /* Assets.xcassets in Resources */,
			);
			runOnlyForDeploymentPostprocessing = 0;
		};
		253B913B2B9F7E0F0094273A /* Resources */ = {
			isa = PBXResourcesBuildPhase;
			buildActionMask = 2147483647;
			files = (
			);
			runOnlyForDeploymentPostprocessing = 0;
		};
		253B91452B9F7E0F0094273A /* Resources */ = {
			isa = PBXResourcesBuildPhase;
			buildActionMask = 2147483647;
			files = (
			);
			runOnlyForDeploymentPostprocessing = 0;
		};
/* End PBXResourcesBuildPhase section */

/* Begin PBXSourcesBuildPhase section */
		253B91292B9F7E0E0094273A /* Sources */ = {
			isa = PBXSourcesBuildPhase;
			buildActionMask = 2147483647;
			files = (
				25575FB62B9F99FB000D74F2 /* GithubRepository.swift in Sources */,
				25575FA62B9F9772000D74F2 /* GithubBranchDTO.swift in Sources */,
				25575FB82B9F9A0F000D74F2 /* GithubBranch.swift in Sources */,
				25575FB12B9F99AA000D74F2 /* GithubCommitService.swift in Sources */,
				25575FA82B9F9788000D74F2 /* GithubCommitDTO.swift in Sources */,
				25575FB42B9F99CD000D74F2 /* GithubUser.swift in Sources */,
				25575FAD2B9F998C000D74F2 /* GithubUserService.swift in Sources */,
				25575FBA2B9F9A1F000D74F2 /* GithubCommit.swift in Sources */,
				25575FD82B9F9E63000D74F2 /* Coordinator.swift in Sources */,
				25575FE22B9F9FFE000D74F2 /* GithubUsernameValidator.swift in Sources */,
				25575FDD2B9F9F21000D74F2 /* CoordinatorView.swift in Sources */,
				25575FCE2B9F9CFD000D74F2 /* GithubResponseMapper.swift in Sources */,
				25575FC12B9F9B5A000D74F2 /* HTTPMethod.swift in Sources */,
				25575FE62B9FA032000D74F2 /* UsernameInputView.swift in Sources */,
				25575FC72B9F9C0F000D74F2 /* GithubAPIPathProvider.swift in Sources */,
				25575FD22B9F9D39000D74F2 /* GithubRepositoriesAPIService.swift in Sources */,
				25575FA22B9F9748000D74F2 /* GithubUserDTO.swift in Sources */,
				253B91332B9F7E0E0094273A /* ContentView.swift in Sources */,
				25575FBF2B9F9B05000D74F2 /* HTTPClient.swift in Sources */,
				25575FA42B9F9758000D74F2 /* GithubRepositoryDTO.swift in Sources */,
				25575FE42B9FA017000D74F2 /* UserScreen.swift in Sources */,
				25575FC52B9F9BD5000D74F2 /* GithubRequestProvider.swift in Sources */,
				25575FD42B9F9D4C000D74F2 /* GithubCommitAPIService.swift in Sources */,
				25575FCB2B9F9CC4000D74F2 /* GithubUserAPIService.swift in Sources */,
				25575FDB2B9F9EC0000D74F2 /* DependencyProvider.swift in Sources */,
				25575FE82B9FA043000D74F2 /* UserDataView.swift in Sources */,
				25575FC32B9F9B68000D74F2 /* APIError.swift in Sources */,
				25575FAF2B9F999C000D74F2 /* GithubRepositoriesService.swift in Sources */,
				253B91312B9F7E0E0094273A /* GithubSwiftUIApp.swift in Sources */,
				25575FE02B9F9FE4000D74F2 /* UserViewModel.swift in Sources */,
				25575FD02B9F9D1A000D74F2 /* ErrorFactory.swift in Sources */,
			);
			runOnlyForDeploymentPostprocessing = 0;
		};
		253B91392B9F7E0F0094273A /* Sources */ = {
			isa = PBXSourcesBuildPhase;
			buildActionMask = 2147483647;
			files = (
				253B91422B9F7E0F0094273A /* GithubSwiftUITests.swift in Sources */,
			);
			runOnlyForDeploymentPostprocessing = 0;
		};
		253B91432B9F7E0F0094273A /* Sources */ = {
			isa = PBXSourcesBuildPhase;
			buildActionMask = 2147483647;
			files = (
				253B914C2B9F7E0F0094273A /* GithubSwiftUIUITests.swift in Sources */,
				253B914E2B9F7E0F0094273A /* GithubSwiftUIUITestsLaunchTests.swift in Sources */,
			);
			runOnlyForDeploymentPostprocessing = 0;
		};
/* End PBXSourcesBuildPhase section */

/* Begin PBXTargetDependency section */
		253B913F2B9F7E0F0094273A /* PBXTargetDependency */ = {
			isa = PBXTargetDependency;
			target = 253B912C2B9F7E0E0094273A /* GithubSwiftUI */;
			targetProxy = 253B913E2B9F7E0F0094273A /* PBXContainerItemProxy */;
		};
		253B91492B9F7E0F0094273A /* PBXTargetDependency */ = {
			isa = PBXTargetDependency;
			target = 253B912C2B9F7E0E0094273A /* GithubSwiftUI */;
			targetProxy = 253B91482B9F7E0F0094273A /* PBXContainerItemProxy */;
		};
/* End PBXTargetDependency section */

/* Begin XCBuildConfiguration section */
		253B914F2B9F7E0F0094273A /* Debug */ = {
			isa = XCBuildConfiguration;
			buildSettings = {
				ALWAYS_SEARCH_USER_PATHS = NO;
				ASSETCATALOG_COMPILER_GENERATE_SWIFT_ASSET_SYMBOL_EXTENSIONS = YES;
				CLANG_ANALYZER_NONNULL = YES;
				CLANG_ANALYZER_NUMBER_OBJECT_CONVERSION = YES_AGGRESSIVE;
				CLANG_CXX_LANGUAGE_STANDARD = "gnu++20";
				CLANG_ENABLE_MODULES = YES;
				CLANG_ENABLE_OBJC_ARC = YES;
				CLANG_ENABLE_OBJC_WEAK = YES;
				CLANG_WARN_BLOCK_CAPTURE_AUTORELEASING = YES;
				CLANG_WARN_BOOL_CONVERSION = YES;
				CLANG_WARN_COMMA = YES;
				CLANG_WARN_CONSTANT_CONVERSION = YES;
				CLANG_WARN_DEPRECATED_OBJC_IMPLEMENTATIONS = YES;
				CLANG_WARN_DIRECT_OBJC_ISA_USAGE = YES_ERROR;
				CLANG_WARN_DOCUMENTATION_COMMENTS = YES;
				CLANG_WARN_EMPTY_BODY = YES;
				CLANG_WARN_ENUM_CONVERSION = YES;
				CLANG_WARN_INFINITE_RECURSION = YES;
				CLANG_WARN_INT_CONVERSION = YES;
				CLANG_WARN_NON_LITERAL_NULL_CONVERSION = YES;
				CLANG_WARN_OBJC_IMPLICIT_RETAIN_SELF = YES;
				CLANG_WARN_OBJC_LITERAL_CONVERSION = YES;
				CLANG_WARN_OBJC_ROOT_CLASS = YES_ERROR;
				CLANG_WARN_QUOTED_INCLUDE_IN_FRAMEWORK_HEADER = YES;
				CLANG_WARN_RANGE_LOOP_ANALYSIS = YES;
				CLANG_WARN_STRICT_PROTOTYPES = YES;
				CLANG_WARN_SUSPICIOUS_MOVE = YES;
				CLANG_WARN_UNGUARDED_AVAILABILITY = YES_AGGRESSIVE;
				CLANG_WARN_UNREACHABLE_CODE = YES;
				CLANG_WARN__DUPLICATE_METHOD_MATCH = YES;
				COPY_PHASE_STRIP = NO;
				DEBUG_INFORMATION_FORMAT = dwarf;
				ENABLE_STRICT_OBJC_MSGSEND = YES;
				ENABLE_TESTABILITY = YES;
				ENABLE_USER_SCRIPT_SANDBOXING = YES;
				GCC_C_LANGUAGE_STANDARD = gnu17;
				GCC_DYNAMIC_NO_PIC = NO;
				GCC_NO_COMMON_BLOCKS = YES;
				GCC_OPTIMIZATION_LEVEL = 0;
				GCC_PREPROCESSOR_DEFINITIONS = (
					"DEBUG=1",
					"$(inherited)",
				);
				GCC_WARN_64_TO_32_BIT_CONVERSION = YES;
				GCC_WARN_ABOUT_RETURN_TYPE = YES_ERROR;
				GCC_WARN_UNDECLARED_SELECTOR = YES;
				GCC_WARN_UNINITIALIZED_AUTOS = YES_AGGRESSIVE;
				GCC_WARN_UNUSED_FUNCTION = YES;
				GCC_WARN_UNUSED_VARIABLE = YES;
				IPHONEOS_DEPLOYMENT_TARGET = 17.0;
				LOCALIZATION_PREFERS_STRING_CATALOGS = YES;
				MTL_ENABLE_DEBUG_INFO = INCLUDE_SOURCE;
				MTL_FAST_MATH = YES;
				ONLY_ACTIVE_ARCH = YES;
				SDKROOT = iphoneos;
				SWIFT_ACTIVE_COMPILATION_CONDITIONS = "DEBUG $(inherited)";
				SWIFT_OPTIMIZATION_LEVEL = "-Onone";
			};
			name = Debug;
		};
		253B91502B9F7E0F0094273A /* Release */ = {
			isa = XCBuildConfiguration;
			buildSettings = {
				ALWAYS_SEARCH_USER_PATHS = NO;
				ASSETCATALOG_COMPILER_GENERATE_SWIFT_ASSET_SYMBOL_EXTENSIONS = YES;
				CLANG_ANALYZER_NONNULL = YES;
				CLANG_ANALYZER_NUMBER_OBJECT_CONVERSION = YES_AGGRESSIVE;
				CLANG_CXX_LANGUAGE_STANDARD = "gnu++20";
				CLANG_ENABLE_MODULES = YES;
				CLANG_ENABLE_OBJC_ARC = YES;
				CLANG_ENABLE_OBJC_WEAK = YES;
				CLANG_WARN_BLOCK_CAPTURE_AUTORELEASING = YES;
				CLANG_WARN_BOOL_CONVERSION = YES;
				CLANG_WARN_COMMA = YES;
				CLANG_WARN_CONSTANT_CONVERSION = YES;
				CLANG_WARN_DEPRECATED_OBJC_IMPLEMENTATIONS = YES;
				CLANG_WARN_DIRECT_OBJC_ISA_USAGE = YES_ERROR;
				CLANG_WARN_DOCUMENTATION_COMMENTS = YES;
				CLANG_WARN_EMPTY_BODY = YES;
				CLANG_WARN_ENUM_CONVERSION = YES;
				CLANG_WARN_INFINITE_RECURSION = YES;
				CLANG_WARN_INT_CONVERSION = YES;
				CLANG_WARN_NON_LITERAL_NULL_CONVERSION = YES;
				CLANG_WARN_OBJC_IMPLICIT_RETAIN_SELF = YES;
				CLANG_WARN_OBJC_LITERAL_CONVERSION = YES;
				CLANG_WARN_OBJC_ROOT_CLASS = YES_ERROR;
				CLANG_WARN_QUOTED_INCLUDE_IN_FRAMEWORK_HEADER = YES;
				CLANG_WARN_RANGE_LOOP_ANALYSIS = YES;
				CLANG_WARN_STRICT_PROTOTYPES = YES;
				CLANG_WARN_SUSPICIOUS_MOVE = YES;
				CLANG_WARN_UNGUARDED_AVAILABILITY = YES_AGGRESSIVE;
				CLANG_WARN_UNREACHABLE_CODE = YES;
				CLANG_WARN__DUPLICATE_METHOD_MATCH = YES;
				COPY_PHASE_STRIP = NO;
				DEBUG_INFORMATION_FORMAT = "dwarf-with-dsym";
				ENABLE_NS_ASSERTIONS = NO;
				ENABLE_STRICT_OBJC_MSGSEND = YES;
				ENABLE_USER_SCRIPT_SANDBOXING = YES;
				GCC_C_LANGUAGE_STANDARD = gnu17;
				GCC_NO_COMMON_BLOCKS = YES;
				GCC_WARN_64_TO_32_BIT_CONVERSION = YES;
				GCC_WARN_ABOUT_RETURN_TYPE = YES_ERROR;
				GCC_WARN_UNDECLARED_SELECTOR = YES;
				GCC_WARN_UNINITIALIZED_AUTOS = YES_AGGRESSIVE;
				GCC_WARN_UNUSED_FUNCTION = YES;
				GCC_WARN_UNUSED_VARIABLE = YES;
				IPHONEOS_DEPLOYMENT_TARGET = 17.0;
				LOCALIZATION_PREFERS_STRING_CATALOGS = YES;
				MTL_ENABLE_DEBUG_INFO = NO;
				MTL_FAST_MATH = YES;
				SDKROOT = iphoneos;
				SWIFT_COMPILATION_MODE = wholemodule;
				VALIDATE_PRODUCT = YES;
			};
			name = Release;
		};
		253B91522B9F7E0F0094273A /* Debug */ = {
			isa = XCBuildConfiguration;
			buildSettings = {
				ASSETCATALOG_COMPILER_APPICON_NAME = AppIcon;
				ASSETCATALOG_COMPILER_GLOBAL_ACCENT_COLOR_NAME = AccentColor;
				CODE_SIGN_STYLE = Automatic;
				CURRENT_PROJECT_VERSION = 1;
				DEVELOPMENT_ASSET_PATHS = "\"GithubSwiftUI/Preview Content\"";
				DEVELOPMENT_TEAM = XCLMBC27FD;
				ENABLE_PREVIEWS = YES;
				GENERATE_INFOPLIST_FILE = YES;
				INFOPLIST_KEY_UIApplicationSceneManifest_Generation = YES;
				INFOPLIST_KEY_UIApplicationSupportsIndirectInputEvents = YES;
				INFOPLIST_KEY_UILaunchScreen_Generation = YES;
				INFOPLIST_KEY_UISupportedInterfaceOrientations_iPad = "UIInterfaceOrientationPortrait UIInterfaceOrientationPortraitUpsideDown UIInterfaceOrientationLandscapeLeft UIInterfaceOrientationLandscapeRight";
				INFOPLIST_KEY_UISupportedInterfaceOrientations_iPhone = "UIInterfaceOrientationPortrait UIInterfaceOrientationLandscapeLeft UIInterfaceOrientationLandscapeRight";
				LD_RUNPATH_SEARCH_PATHS = (
					"$(inherited)",
					"@executable_path/Frameworks",
				);
				MARKETING_VERSION = 1.0;
				PRODUCT_BUNDLE_IDENTIFIER = me.mitrovic.milos.GithubSwiftUI;
				PRODUCT_NAME = "$(TARGET_NAME)";
				SWIFT_EMIT_LOC_STRINGS = YES;
				SWIFT_VERSION = 5.0;
				TARGETED_DEVICE_FAMILY = "1,2";
			};
			name = Debug;
		};
		253B91532B9F7E0F0094273A /* Release */ = {
			isa = XCBuildConfiguration;
			buildSettings = {
				ASSETCATALOG_COMPILER_APPICON_NAME = AppIcon;
				ASSETCATALOG_COMPILER_GLOBAL_ACCENT_COLOR_NAME = AccentColor;
				CODE_SIGN_STYLE = Automatic;
				CURRENT_PROJECT_VERSION = 1;
				DEVELOPMENT_ASSET_PATHS = "\"GithubSwiftUI/Preview Content\"";
				DEVELOPMENT_TEAM = XCLMBC27FD;
				ENABLE_PREVIEWS = YES;
				GENERATE_INFOPLIST_FILE = YES;
				INFOPLIST_KEY_UIApplicationSceneManifest_Generation = YES;
				INFOPLIST_KEY_UIApplicationSupportsIndirectInputEvents = YES;
				INFOPLIST_KEY_UILaunchScreen_Generation = YES;
				INFOPLIST_KEY_UISupportedInterfaceOrientations_iPad = "UIInterfaceOrientationPortrait UIInterfaceOrientationPortraitUpsideDown UIInterfaceOrientationLandscapeLeft UIInterfaceOrientationLandscapeRight";
				INFOPLIST_KEY_UISupportedInterfaceOrientations_iPhone = "UIInterfaceOrientationPortrait UIInterfaceOrientationLandscapeLeft UIInterfaceOrientationLandscapeRight";
				LD_RUNPATH_SEARCH_PATHS = (
					"$(inherited)",
					"@executable_path/Frameworks",
				);
				MARKETING_VERSION = 1.0;
				PRODUCT_BUNDLE_IDENTIFIER = me.mitrovic.milos.GithubSwiftUI;
				PRODUCT_NAME = "$(TARGET_NAME)";
				SWIFT_EMIT_LOC_STRINGS = YES;
				SWIFT_VERSION = 5.0;
				TARGETED_DEVICE_FAMILY = "1,2";
			};
			name = Release;
		};
		253B91552B9F7E0F0094273A /* Debug */ = {
			isa = XCBuildConfiguration;
			buildSettings = {
				ALWAYS_EMBED_SWIFT_STANDARD_LIBRARIES = YES;
				BUNDLE_LOADER = "$(TEST_HOST)";
				CODE_SIGN_STYLE = Automatic;
				CURRENT_PROJECT_VERSION = 1;
				DEVELOPMENT_TEAM = XCLMBC27FD;
				GENERATE_INFOPLIST_FILE = YES;
				IPHONEOS_DEPLOYMENT_TARGET = 17.0;
				MARKETING_VERSION = 1.0;
				PRODUCT_BUNDLE_IDENTIFIER = me.mitrovic.milos.GithubSwiftUITests;
				PRODUCT_NAME = "$(TARGET_NAME)";
				SWIFT_EMIT_LOC_STRINGS = NO;
				SWIFT_VERSION = 5.0;
				TARGETED_DEVICE_FAMILY = "1,2";
				TEST_HOST = "$(BUILT_PRODUCTS_DIR)/GithubSwiftUI.app/$(BUNDLE_EXECUTABLE_FOLDER_PATH)/GithubSwiftUI";
			};
			name = Debug;
		};
		253B91562B9F7E0F0094273A /* Release */ = {
			isa = XCBuildConfiguration;
			buildSettings = {
				ALWAYS_EMBED_SWIFT_STANDARD_LIBRARIES = YES;
				BUNDLE_LOADER = "$(TEST_HOST)";
				CODE_SIGN_STYLE = Automatic;
				CURRENT_PROJECT_VERSION = 1;
				DEVELOPMENT_TEAM = XCLMBC27FD;
				GENERATE_INFOPLIST_FILE = YES;
				IPHONEOS_DEPLOYMENT_TARGET = 17.0;
				MARKETING_VERSION = 1.0;
				PRODUCT_BUNDLE_IDENTIFIER = me.mitrovic.milos.GithubSwiftUITests;
				PRODUCT_NAME = "$(TARGET_NAME)";
				SWIFT_EMIT_LOC_STRINGS = NO;
				SWIFT_VERSION = 5.0;
				TARGETED_DEVICE_FAMILY = "1,2";
				TEST_HOST = "$(BUILT_PRODUCTS_DIR)/GithubSwiftUI.app/$(BUNDLE_EXECUTABLE_FOLDER_PATH)/GithubSwiftUI";
			};
			name = Release;
		};
		253B91582B9F7E0F0094273A /* Debug */ = {
			isa = XCBuildConfiguration;
			buildSettings = {
				ALWAYS_EMBED_SWIFT_STANDARD_LIBRARIES = YES;
				CODE_SIGN_STYLE = Automatic;
				CURRENT_PROJECT_VERSION = 1;
				DEVELOPMENT_TEAM = XCLMBC27FD;
				GENERATE_INFOPLIST_FILE = YES;
				MARKETING_VERSION = 1.0;
				PRODUCT_BUNDLE_IDENTIFIER = me.mitrovic.milos.GithubSwiftUIUITests;
				PRODUCT_NAME = "$(TARGET_NAME)";
				SWIFT_EMIT_LOC_STRINGS = NO;
				SWIFT_VERSION = 5.0;
				TARGETED_DEVICE_FAMILY = "1,2";
				TEST_TARGET_NAME = GithubSwiftUI;
			};
			name = Debug;
		};
		253B91592B9F7E0F0094273A /* Release */ = {
			isa = XCBuildConfiguration;
			buildSettings = {
				ALWAYS_EMBED_SWIFT_STANDARD_LIBRARIES = YES;
				CODE_SIGN_STYLE = Automatic;
				CURRENT_PROJECT_VERSION = 1;
				DEVELOPMENT_TEAM = XCLMBC27FD;
				GENERATE_INFOPLIST_FILE = YES;
				MARKETING_VERSION = 1.0;
				PRODUCT_BUNDLE_IDENTIFIER = me.mitrovic.milos.GithubSwiftUIUITests;
				PRODUCT_NAME = "$(TARGET_NAME)";
				SWIFT_EMIT_LOC_STRINGS = NO;
				SWIFT_VERSION = 5.0;
				TARGETED_DEVICE_FAMILY = "1,2";
				TEST_TARGET_NAME = GithubSwiftUI;
			};
			name = Release;
		};
/* End XCBuildConfiguration section */

/* Begin XCConfigurationList section */
		253B91282B9F7E0E0094273A /* Build configuration list for PBXProject "GithubSwiftUI" */ = {
			isa = XCConfigurationList;
			buildConfigurations = (
				253B914F2B9F7E0F0094273A /* Debug */,
				253B91502B9F7E0F0094273A /* Release */,
			);
			defaultConfigurationIsVisible = 0;
			defaultConfigurationName = Release;
		};
		253B91512B9F7E0F0094273A /* Build configuration list for PBXNativeTarget "GithubSwiftUI" */ = {
			isa = XCConfigurationList;
			buildConfigurations = (
				253B91522B9F7E0F0094273A /* Debug */,
				253B91532B9F7E0F0094273A /* Release */,
			);
			defaultConfigurationIsVisible = 0;
			defaultConfigurationName = Release;
		};
		253B91542B9F7E0F0094273A /* Build configuration list for PBXNativeTarget "GithubSwiftUITests" */ = {
			isa = XCConfigurationList;
			buildConfigurations = (
				253B91552B9F7E0F0094273A /* Debug */,
				253B91562B9F7E0F0094273A /* Release */,
			);
			defaultConfigurationIsVisible = 0;
			defaultConfigurationName = Release;
		};
		253B91572B9F7E0F0094273A /* Build configuration list for PBXNativeTarget "GithubSwiftUIUITests" */ = {
			isa = XCConfigurationList;
			buildConfigurations = (
				253B91582B9F7E0F0094273A /* Debug */,
				253B91592B9F7E0F0094273A /* Release */,
			);
			defaultConfigurationIsVisible = 0;
			defaultConfigurationName = Release;
		};
/* End XCConfigurationList section */
	};
	rootObject = 253B91252B9F7E0E0094273A /* Project object */;
}
